
Microsoft Visual Studio Solution File, Format Version 12.00
# Visual Studio 2013
VisualStudioVersion = 12.0.21005.1
MinimumVisualStudioVersion = 10.0.40219.1
Project("{FAE04EC0-301F-11D3-BF4B-00C04F79EFBC}") = "GroupProject", "GroupProject\GroupProject.csproj", "{B95A5909-9CA4-4261-9951-2763D75AE303}"
EndProject
Project("{FAE04EC0-301F-11D3-BF4B-00C04F79EFBC}") = "DAL_Project", "GroupProject\DAL_Project\DAL_Project\DAL_Project.csproj", "{E3026510-5B06-4FF2-816B-3F06CBE5F7DF}"
EndProject
Project("{2150E333-8FDC-42A3-9474-1A3956D46DE8}") = "Solution Items", "Solution Items", "{9C47AF7B-0061-4852-8C05-7965B84702EB}"
EndProject
Global
	GlobalSection(SolutionConfigurationPlatforms) = preSolution
		Debug|Any CPU = Debug|Any CPU
		Release|Any CPU = Release|Any CPU
	EndGlobalSection
	GlobalSection(ProjectConfigurationPlatforms) = postSolution
		{B95A5909-9CA4-4261-9951-2763D75AE303}.Debug|Any CPU.ActiveCfg = Debug|Any CPU
		{B95A5909-9CA4-4261-9951-2763D75AE303}.Debug|Any CPU.Build.0 = Debug|Any CPU
		{B95A5909-9CA4-4261-9951-2763D75AE303}.Release|Any CPU.ActiveCfg = Release|Any CPU
		{B95A5909-9CA4-4261-9951-2763D75AE303}.Release|Any CPU.Build.0 = Release|Any CPU
		{E3026510-5B06-4FF2-816B-3F06CBE5F7DF}.Debug|Any CPU.ActiveCfg = Debug|Any CPU
		{E3026510-5B06-4FF2-816B-3F06CBE5F7DF}.Debug|Any CPU.Build.0 = Debug|Any CPU
		{E3026510-5B06-4FF2-816B-3F06CBE5F7DF}.Release|Any CPU.ActiveCfg = Release|Any CPU
		{E3026510-5B06-4FF2-816B-3F06CBE5F7DF}.Release|Any CPU.Build.0 = Release|Any CPU
	EndGlobalSection
	GlobalSection(SolutionProperties) = preSolution
		HideSolutionNode = FALSE
	EndGlobalSection
EndGlobal
